// !$*UTF8*$!
{
	archiveVersion = 1;
	classes = {
	};
	objectVersion = 55;
	objects = {

/* Begin PBXBuildFile section */
		A17450B32B68500200F60D56 /* i18n.fr.json in Resources */ = {isa = PBXBuildFile; fileRef = A17450B12B68500200F60D56 /* i18n.fr.json */; };
		A17450B42B68500200F60D56 /* i18n.fr.json in Resources */ = {isa = PBXBuildFile; fileRef = A17450B12B68500200F60D56 /* i18n.fr.json */; };
		A17450B52B68500200F60D56 /* i18n.fr.json in Resources */ = {isa = PBXBuildFile; fileRef = A17450B12B68500200F60D56 /* i18n.fr.json */; };
		A17450B62B68500200F60D56 /* i18n.fr.json in Resources */ = {isa = PBXBuildFile; fileRef = A17450B12B68500200F60D56 /* i18n.fr.json */; };
		A17450B72B68500200F60D56 /* i18n.en.json in Resources */ = {isa = PBXBuildFile; fileRef = A17450B22B68500200F60D56 /* i18n.en.json */; };
		A17450B82B68500200F60D56 /* i18n.en.json in Resources */ = {isa = PBXBuildFile; fileRef = A17450B22B68500200F60D56 /* i18n.en.json */; };
		A17450B92B68500200F60D56 /* i18n.en.json in Resources */ = {isa = PBXBuildFile; fileRef = A17450B22B68500200F60D56 /* i18n.en.json */; };
		A17450BA2B68500200F60D56 /* i18n.en.json in Resources */ = {isa = PBXBuildFile; fileRef = A17450B22B68500200F60D56 /* i18n.en.json */; };
		A193CE6A28FB2CC800A3E5C2 /* error-circle-outline.svg in Resources */ = {isa = PBXBuildFile; fileRef = A193CE6728FB2CC800A3E5C2 /* error-circle-outline.svg */; };
		A193CE6B28FB2CC800A3E5C2 /* error-circle-outline.svg in Resources */ = {isa = PBXBuildFile; fileRef = A193CE6728FB2CC800A3E5C2 /* error-circle-outline.svg */; };
		A193CE6C28FB2CC800A3E5C2 /* error-circle-outline.svg in Resources */ = {isa = PBXBuildFile; fileRef = A193CE6728FB2CC800A3E5C2 /* error-circle-outline.svg */; };
		A193CE6D28FB2CC800A3E5C2 /* error-circle-outline.svg in Resources */ = {isa = PBXBuildFile; fileRef = A193CE6728FB2CC800A3E5C2 /* error-circle-outline.svg */; };
		A193CE6E28FB2CC800A3E5C2 /* cog.svg in Resources */ = {isa = PBXBuildFile; fileRef = A193CE6828FB2CC800A3E5C2 /* cog.svg */; };
		A193CE6F28FB2CC800A3E5C2 /* cog.svg in Resources */ = {isa = PBXBuildFile; fileRef = A193CE6828FB2CC800A3E5C2 /* cog.svg */; };
		A193CE7028FB2CC800A3E5C2 /* cog.svg in Resources */ = {isa = PBXBuildFile; fileRef = A193CE6828FB2CC800A3E5C2 /* cog.svg */; };
		A193CE7128FB2CC800A3E5C2 /* cog.svg in Resources */ = {isa = PBXBuildFile; fileRef = A193CE6828FB2CC800A3E5C2 /* cog.svg */; };
		A193CE7228FB2CC800A3E5C2 /* close-circle.svg in Resources */ = {isa = PBXBuildFile; fileRef = A193CE6928FB2CC800A3E5C2 /* close-circle.svg */; };
		A193CE7328FB2CC800A3E5C2 /* close-circle.svg in Resources */ = {isa = PBXBuildFile; fileRef = A193CE6928FB2CC800A3E5C2 /* close-circle.svg */; };
		A193CE7428FB2CC800A3E5C2 /* close-circle.svg in Resources */ = {isa = PBXBuildFile; fileRef = A193CE6928FB2CC800A3E5C2 /* close-circle.svg */; };
		A193CE7528FB2CC800A3E5C2 /* close-circle.svg in Resources */ = {isa = PBXBuildFile; fileRef = A193CE6928FB2CC800A3E5C2 /* close-circle.svg */; };
		A1AB7C262798AEFA00725B12 /* AppDelegate.swift in Sources */ = {isa = PBXBuildFile; fileRef = A1AB7C252798AEFA00725B12 /* AppDelegate.swift */; };
		A1AB7C282798AEFA00725B12 /* SceneDelegate.swift in Sources */ = {isa = PBXBuildFile; fileRef = A1AB7C272798AEFA00725B12 /* SceneDelegate.swift */; };
		A1AB7C2B2798AEFA00725B12 /* LaunchScreen.storyboard in Resources */ = {isa = PBXBuildFile; fileRef = A1AB7C292798AEFA00725B12 /* LaunchScreen.storyboard */; };
		A1AB7C2E2798AEFA00725B12 /* Main.storyboard in Resources */ = {isa = PBXBuildFile; fileRef = A1AB7C2C2798AEFA00725B12 /* Main.storyboard */; };
		A1AB7C372798AEFA00725B12 /* AppDelegate.swift in Sources */ = {isa = PBXBuildFile; fileRef = A1AB7C362798AEFA00725B12 /* AppDelegate.swift */; };
		A1AB7C3A2798AEFA00725B12 /* Main.storyboard in Resources */ = {isa = PBXBuildFile; fileRef = A1AB7C382798AEFA00725B12 /* Main.storyboard */; };
		A1AB7C422798AEFA00725B12 /* Enhanced Tooltips for Showdown Extension.appex in Embed Foundation Extensions */ = {isa = PBXBuildFile; fileRef = A1AB7C412798AEFA00725B12 /* Enhanced Tooltips for Showdown Extension.appex */; settings = {ATTRIBUTES = (RemoveHeadersOnCopy, ); }; };
		A1AB7C4C2798AEFA00725B12 /* Enhanced Tooltips for Showdown Extension.appex in Embed Foundation Extensions */ = {isa = PBXBuildFile; fileRef = A1AB7C4B2798AEFA00725B12 /* Enhanced Tooltips for Showdown Extension.appex */; settings = {ATTRIBUTES = (RemoveHeadersOnCopy, ); }; };
		A1AB7C522798AEFA00725B12 /* Main.html in Resources */ = {isa = PBXBuildFile; fileRef = A1AB7C152798AEFA00725B12 /* Main.html */; };
		A1AB7C532798AEFA00725B12 /* Main.html in Resources */ = {isa = PBXBuildFile; fileRef = A1AB7C152798AEFA00725B12 /* Main.html */; };
		A1AB7C542798AEFA00725B12 /* Icon.png in Resources */ = {isa = PBXBuildFile; fileRef = A1AB7C172798AEFA00725B12 /* Icon.png */; };
		A1AB7C552798AEFA00725B12 /* Icon.png in Resources */ = {isa = PBXBuildFile; fileRef = A1AB7C172798AEFA00725B12 /* Icon.png */; };
		A1AB7C562798AEFA00725B12 /* Style.css in Resources */ = {isa = PBXBuildFile; fileRef = A1AB7C182798AEFA00725B12 /* Style.css */; };
		A1AB7C572798AEFA00725B12 /* Style.css in Resources */ = {isa = PBXBuildFile; fileRef = A1AB7C182798AEFA00725B12 /* Style.css */; };
		A1AB7C582798AEFA00725B12 /* Script.js in Resources */ = {isa = PBXBuildFile; fileRef = A1AB7C192798AEFA00725B12 /* Script.js */; };
		A1AB7C592798AEFA00725B12 /* Script.js in Resources */ = {isa = PBXBuildFile; fileRef = A1AB7C192798AEFA00725B12 /* Script.js */; };
		A1AB7C5A2798AEFA00725B12 /* ViewController.swift in Sources */ = {isa = PBXBuildFile; fileRef = A1AB7C1A2798AEFA00725B12 /* ViewController.swift */; };
		A1AB7C5B2798AEFA00725B12 /* ViewController.swift in Sources */ = {isa = PBXBuildFile; fileRef = A1AB7C1A2798AEFA00725B12 /* ViewController.swift */; };
		A1AB7C5C2798AEFA00725B12 /* Assets.xcassets in Resources */ = {isa = PBXBuildFile; fileRef = A1AB7C1B2798AEFA00725B12 /* Assets.xcassets */; };
		A1AB7C5D2798AEFA00725B12 /* Assets.xcassets in Resources */ = {isa = PBXBuildFile; fileRef = A1AB7C1B2798AEFA00725B12 /* Assets.xcassets */; };
		A1AB7C5E2798AEFA00725B12 /* SafariWebExtensionHandler.swift in Sources */ = {isa = PBXBuildFile; fileRef = A1AB7C1D2798AEFA00725B12 /* SafariWebExtensionHandler.swift */; };
		A1AB7C5F2798AEFA00725B12 /* SafariWebExtensionHandler.swift in Sources */ = {isa = PBXBuildFile; fileRef = A1AB7C1D2798AEFA00725B12 /* SafariWebExtensionHandler.swift */; };
		A1ABECBB27D128460043CAB3 /* manifest.json in Resources */ = {isa = PBXBuildFile; fileRef = A1ABECB127D128460043CAB3 /* manifest.json */; };
		A1ABECBC27D128460043CAB3 /* manifest.json in Resources */ = {isa = PBXBuildFile; fileRef = A1ABECB127D128460043CAB3 /* manifest.json */; };
		A1ABECBD27D128460043CAB3 /* manifest.json in Resources */ = {isa = PBXBuildFile; fileRef = A1ABECB127D128460043CAB3 /* manifest.json */; };
		A1ABECBE27D128460043CAB3 /* manifest.json in Resources */ = {isa = PBXBuildFile; fileRef = A1ABECB127D128460043CAB3 /* manifest.json */; };
		A1BBC4E028DCA1F0006216ED /* sword.svg in Resources */ = {isa = PBXBuildFile; fileRef = A1BBC4C828DCA1EF006216ED /* sword.svg */; };
		A1BBC4E128DCA1F0006216ED /* sword.svg in Resources */ = {isa = PBXBuildFile; fileRef = A1BBC4C828DCA1EF006216ED /* sword.svg */; };
		A1BBC4E228DCA1F0006216ED /* sword.svg in Resources */ = {isa = PBXBuildFile; fileRef = A1BBC4C828DCA1EF006216ED /* sword.svg */; };
		A1BBC4E328DCA1F0006216ED /* sword.svg in Resources */ = {isa = PBXBuildFile; fileRef = A1BBC4C828DCA1EF006216ED /* sword.svg */; };
		A1BBC4E428DCA1F0006216ED /* icon.png in Resources */ = {isa = PBXBuildFile; fileRef = A1BBC4C928DCA1EF006216ED /* icon.png */; };
		A1BBC4E528DCA1F0006216ED /* icon.png in Resources */ = {isa = PBXBuildFile; fileRef = A1BBC4C928DCA1EF006216ED /* icon.png */; };
		A1BBC4E628DCA1F0006216ED /* icon.png in Resources */ = {isa = PBXBuildFile; fileRef = A1BBC4C928DCA1EF006216ED /* icon.png */; };
		A1BBC4E728DCA1F0006216ED /* icon.png in Resources */ = {isa = PBXBuildFile; fileRef = A1BBC4C928DCA1EF006216ED /* icon.png */; };
		A1BBC4E828DCA1F0006216ED /* background.js in Resources */ = {isa = PBXBuildFile; fileRef = A1BBC4CA28DCA1EF006216ED /* background.js */; };
		A1BBC4E928DCA1F0006216ED /* background.js in Resources */ = {isa = PBXBuildFile; fileRef = A1BBC4CA28DCA1EF006216ED /* background.js */; };
		A1BBC4EA28DCA1F0006216ED /* background.js in Resources */ = {isa = PBXBuildFile; fileRef = A1BBC4CA28DCA1EF006216ED /* background.js */; };
		A1BBC4EB28DCA1F0006216ED /* background.js in Resources */ = {isa = PBXBuildFile; fileRef = A1BBC4CA28DCA1EF006216ED /* background.js */; };
		A1BBC4EC28DCA1F0006216ED /* clipboard-heart.svg in Resources */ = {isa = PBXBuildFile; fileRef = A1BBC4CB28DCA1EF006216ED /* clipboard-heart.svg */; };
		A1BBC4ED28DCA1F0006216ED /* clipboard-heart.svg in Resources */ = {isa = PBXBuildFile; fileRef = A1BBC4CB28DCA1EF006216ED /* clipboard-heart.svg */; };
		A1BBC4EE28DCA1F0006216ED /* clipboard-heart.svg in Resources */ = {isa = PBXBuildFile; fileRef = A1BBC4CB28DCA1EF006216ED /* clipboard-heart.svg */; };
		A1BBC4EF28DCA1F0006216ED /* clipboard-heart.svg in Resources */ = {isa = PBXBuildFile; fileRef = A1BBC4CB28DCA1EF006216ED /* clipboard-heart.svg */; };
		A1BBC4F028DCA1F0006216ED /* icon48.png in Resources */ = {isa = PBXBuildFile; fileRef = A1BBC4CC28DCA1EF006216ED /* icon48.png */; };
		A1BBC4F128DCA1F0006216ED /* icon48.png in Resources */ = {isa = PBXBuildFile; fileRef = A1BBC4CC28DCA1EF006216ED /* icon48.png */; };
		A1BBC4F228DCA1F0006216ED /* icon48.png in Resources */ = {isa = PBXBuildFile; fileRef = A1BBC4CC28DCA1EF006216ED /* icon48.png */; };
		A1BBC4F328DCA1F0006216ED /* icon48.png in Resources */ = {isa = PBXBuildFile; fileRef = A1BBC4CC28DCA1EF006216ED /* icon48.png */; };
		A1BBC4F428DCA1F0006216ED /* icon128.png in Resources */ = {isa = PBXBuildFile; fileRef = A1BBC4CD28DCA1EF006216ED /* icon128.png */; };
		A1BBC4F528DCA1F0006216ED /* icon128.png in Resources */ = {isa = PBXBuildFile; fileRef = A1BBC4CD28DCA1EF006216ED /* icon128.png */; };
		A1BBC4F628DCA1F0006216ED /* icon128.png in Resources */ = {isa = PBXBuildFile; fileRef = A1BBC4CD28DCA1EF006216ED /* icon128.png */; };
		A1BBC4F728DCA1F0006216ED /* icon128.png in Resources */ = {isa = PBXBuildFile; fileRef = A1BBC4CD28DCA1EF006216ED /* icon128.png */; };
		A1BBC4FC28DCA1F0006216ED /* main.js in Resources */ = {isa = PBXBuildFile; fileRef = A1BBC4CF28DCA1EF006216ED /* main.js */; };
		A1BBC4FD28DCA1F0006216ED /* main.js in Resources */ = {isa = PBXBuildFile; fileRef = A1BBC4CF28DCA1EF006216ED /* main.js */; };
		A1BBC4FE28DCA1F0006216ED /* main.js in Resources */ = {isa = PBXBuildFile; fileRef = A1BBC4CF28DCA1EF006216ED /* main.js */; };
		A1BBC4FF28DCA1F0006216ED /* main.js in Resources */ = {isa = PBXBuildFile; fileRef = A1BBC4CF28DCA1EF006216ED /* main.js */; };
		A1BBC50028DCA1F0006216ED /* bug.svg in Resources */ = {isa = PBXBuildFile; fileRef = A1BBC4D028DCA1EF006216ED /* bug.svg */; };
		A1BBC50128DCA1F0006216ED /* bug.svg in Resources */ = {isa = PBXBuildFile; fileRef = A1BBC4D028DCA1EF006216ED /* bug.svg */; };
		A1BBC50228DCA1F0006216ED /* bug.svg in Resources */ = {isa = PBXBuildFile; fileRef = A1BBC4D028DCA1EF006216ED /* bug.svg */; };
		A1BBC50328DCA1F0006216ED /* bug.svg in Resources */ = {isa = PBXBuildFile; fileRef = A1BBC4D028DCA1EF006216ED /* bug.svg */; };
		A1BBC50828DCA1F0006216ED /* icon64.png in Resources */ = {isa = PBXBuildFile; fileRef = A1BBC4D228DCA1EF006216ED /* icon64.png */; };
		A1BBC50928DCA1F0006216ED /* icon64.png in Resources */ = {isa = PBXBuildFile; fileRef = A1BBC4D228DCA1EF006216ED /* icon64.png */; };
		A1BBC50A28DCA1F0006216ED /* icon64.png in Resources */ = {isa = PBXBuildFile; fileRef = A1BBC4D228DCA1EF006216ED /* icon64.png */; };
		A1BBC50B28DCA1F0006216ED /* icon64.png in Resources */ = {isa = PBXBuildFile; fileRef = A1BBC4D228DCA1EF006216ED /* icon64.png */; };
		A1BBC51028DCA1F0006216ED /* tize.svg in Resources */ = {isa = PBXBuildFile; fileRef = A1BBC4D428DCA1EF006216ED /* tize.svg */; };
		A1BBC51128DCA1F0006216ED /* tize.svg in Resources */ = {isa = PBXBuildFile; fileRef = A1BBC4D428DCA1EF006216ED /* tize.svg */; };
		A1BBC51228DCA1F0006216ED /* tize.svg in Resources */ = {isa = PBXBuildFile; fileRef = A1BBC4D428DCA1EF006216ED /* tize.svg */; };
		A1BBC51328DCA1F0006216ED /* tize.svg in Resources */ = {isa = PBXBuildFile; fileRef = A1BBC4D428DCA1EF006216ED /* tize.svg */; };
		A1BBC51428DCA1F0006216ED /* icon38.png in Resources */ = {isa = PBXBuildFile; fileRef = A1BBC4D528DCA1EF006216ED /* icon38.png */; };
		A1BBC51528DCA1F0006216ED /* icon38.png in Resources */ = {isa = PBXBuildFile; fileRef = A1BBC4D528DCA1EF006216ED /* icon38.png */; };
		A1BBC51628DCA1F0006216ED /* icon38.png in Resources */ = {isa = PBXBuildFile; fileRef = A1BBC4D528DCA1EF006216ED /* icon38.png */; };
		A1BBC51728DCA1F0006216ED /* icon38.png in Resources */ = {isa = PBXBuildFile; fileRef = A1BBC4D528DCA1EF006216ED /* icon38.png */; };
		A1BBC51828DCA1F0006216ED /* content.js in Resources */ = {isa = PBXBuildFile; fileRef = A1BBC4D628DCA1EF006216ED /* content.js */; };
		A1BBC51928DCA1F0006216ED /* content.js in Resources */ = {isa = PBXBuildFile; fileRef = A1BBC4D628DCA1EF006216ED /* content.js */; };
		A1BBC51A28DCA1F0006216ED /* content.js in Resources */ = {isa = PBXBuildFile; fileRef = A1BBC4D628DCA1EF006216ED /* content.js */; };
		A1BBC51B28DCA1F0006216ED /* content.js in Resources */ = {isa = PBXBuildFile; fileRef = A1BBC4D628DCA1EF006216ED /* content.js */; };
		A1BBC51C28DCA1F0006216ED /* icon19.png in Resources */ = {isa = PBXBuildFile; fileRef = A1BBC4D728DCA1EF006216ED /* icon19.png */; };
		A1BBC51D28DCA1F0006216ED /* icon19.png in Resources */ = {isa = PBXBuildFile; fileRef = A1BBC4D728DCA1EF006216ED /* icon19.png */; };
		A1BBC51E28DCA1F0006216ED /* icon19.png in Resources */ = {isa = PBXBuildFile; fileRef = A1BBC4D728DCA1EF006216ED /* icon19.png */; };
		A1BBC51F28DCA1F0006216ED /* icon19.png in Resources */ = {isa = PBXBuildFile; fileRef = A1BBC4D728DCA1EF006216ED /* icon19.png */; };
		A1BBC52028DCA1F0006216ED /* icon32.png in Resources */ = {isa = PBXBuildFile; fileRef = A1BBC4D828DCA1EF006216ED /* icon32.png */; };
		A1BBC52128DCA1F0006216ED /* icon32.png in Resources */ = {isa = PBXBuildFile; fileRef = A1BBC4D828DCA1EF006216ED /* icon32.png */; };
		A1BBC52228DCA1F0006216ED /* icon32.png in Resources */ = {isa = PBXBuildFile; fileRef = A1BBC4D828DCA1EF006216ED /* icon32.png */; };
		A1BBC52328DCA1F0006216ED /* icon32.png in Resources */ = {isa = PBXBuildFile; fileRef = A1BBC4D828DCA1EF006216ED /* icon32.png */; };
		A1BBC52428DCA1F0006216ED /* showdex.svg in Resources */ = {isa = PBXBuildFile; fileRef = A1BBC4D928DCA1EF006216ED /* showdex.svg */; };
		A1BBC52528DCA1F0006216ED /* showdex.svg in Resources */ = {isa = PBXBuildFile; fileRef = A1BBC4D928DCA1EF006216ED /* showdex.svg */; };
		A1BBC52628DCA1F0006216ED /* showdex.svg in Resources */ = {isa = PBXBuildFile; fileRef = A1BBC4D928DCA1EF006216ED /* showdex.svg */; };
		A1BBC52728DCA1F0006216ED /* showdex.svg in Resources */ = {isa = PBXBuildFile; fileRef = A1BBC4D928DCA1EF006216ED /* showdex.svg */; };
		A1BBC52828DCA1F0006216ED /* sparkle.svg in Resources */ = {isa = PBXBuildFile; fileRef = A1BBC4DA28DCA1EF006216ED /* sparkle.svg */; };
		A1BBC52928DCA1F0006216ED /* sparkle.svg in Resources */ = {isa = PBXBuildFile; fileRef = A1BBC4DA28DCA1EF006216ED /* sparkle.svg */; };
		A1BBC52A28DCA1F0006216ED /* sparkle.svg in Resources */ = {isa = PBXBuildFile; fileRef = A1BBC4DA28DCA1EF006216ED /* sparkle.svg */; };
		A1BBC52B28DCA1F0006216ED /* sparkle.svg in Resources */ = {isa = PBXBuildFile; fileRef = A1BBC4DA28DCA1EF006216ED /* sparkle.svg */; };
		A1BBC52C28DCA1F0006216ED /* signpost.svg in Resources */ = {isa = PBXBuildFile; fileRef = A1BBC4DB28DCA1F0006216ED /* signpost.svg */; };
		A1BBC52D28DCA1F0006216ED /* signpost.svg in Resources */ = {isa = PBXBuildFile; fileRef = A1BBC4DB28DCA1F0006216ED /* signpost.svg */; };
		A1BBC52E28DCA1F0006216ED /* signpost.svg in Resources */ = {isa = PBXBuildFile; fileRef = A1BBC4DB28DCA1F0006216ED /* signpost.svg */; };
		A1BBC52F28DCA1F0006216ED /* signpost.svg in Resources */ = {isa = PBXBuildFile; fileRef = A1BBC4DB28DCA1F0006216ED /* signpost.svg */; };
		A1BBC53028DCA1F0006216ED /* github-face.svg in Resources */ = {isa = PBXBuildFile; fileRef = A1BBC4DC28DCA1F0006216ED /* github-face.svg */; };
		A1BBC53128DCA1F0006216ED /* github-face.svg in Resources */ = {isa = PBXBuildFile; fileRef = A1BBC4DC28DCA1F0006216ED /* github-face.svg */; };
		A1BBC53228DCA1F0006216ED /* github-face.svg in Resources */ = {isa = PBXBuildFile; fileRef = A1BBC4DC28DCA1F0006216ED /* github-face.svg */; };
		A1BBC53328DCA1F0006216ED /* github-face.svg in Resources */ = {isa = PBXBuildFile; fileRef = A1BBC4DC28DCA1F0006216ED /* github-face.svg */; };
		A1BBC53428DCA1F0006216ED /* remove-circle.svg in Resources */ = {isa = PBXBuildFile; fileRef = A1BBC4DD28DCA1F0006216ED /* remove-circle.svg */; };
		A1BBC53528DCA1F0006216ED /* remove-circle.svg in Resources */ = {isa = PBXBuildFile; fileRef = A1BBC4DD28DCA1F0006216ED /* remove-circle.svg */; };
		A1BBC53628DCA1F0006216ED /* remove-circle.svg in Resources */ = {isa = PBXBuildFile; fileRef = A1BBC4DD28DCA1F0006216ED /* remove-circle.svg */; };
		A1BBC53728DCA1F0006216ED /* remove-circle.svg in Resources */ = {isa = PBXBuildFile; fileRef = A1BBC4DD28DCA1F0006216ED /* remove-circle.svg */; };
		A1BBC53828DCA1F0006216ED /* apple-touch-icon.png in Resources */ = {isa = PBXBuildFile; fileRef = A1BBC4DE28DCA1F0006216ED /* apple-touch-icon.png */; };
		A1BBC53928DCA1F0006216ED /* apple-touch-icon.png in Resources */ = {isa = PBXBuildFile; fileRef = A1BBC4DE28DCA1F0006216ED /* apple-touch-icon.png */; };
		A1BBC53A28DCA1F0006216ED /* apple-touch-icon.png in Resources */ = {isa = PBXBuildFile; fileRef = A1BBC4DE28DCA1F0006216ED /* apple-touch-icon.png */; };
		A1BBC53B28DCA1F0006216ED /* apple-touch-icon.png in Resources */ = {isa = PBXBuildFile; fileRef = A1BBC4DE28DCA1F0006216ED /* apple-touch-icon.png */; };
		A1BBC53C28DCA1F0006216ED /* info-circle.svg in Resources */ = {isa = PBXBuildFile; fileRef = A1BBC4DF28DCA1F0006216ED /* info-circle.svg */; };
		A1BBC53D28DCA1F0006216ED /* info-circle.svg in Resources */ = {isa = PBXBuildFile; fileRef = A1BBC4DF28DCA1F0006216ED /* info-circle.svg */; };
		A1BBC53E28DCA1F0006216ED /* info-circle.svg in Resources */ = {isa = PBXBuildFile; fileRef = A1BBC4DF28DCA1F0006216ED /* info-circle.svg */; };
		A1BBC53F28DCA1F0006216ED /* info-circle.svg in Resources */ = {isa = PBXBuildFile; fileRef = A1BBC4DF28DCA1F0006216ED /* info-circle.svg */; };
/* End PBXBuildFile section */

/* Begin PBXContainerItemProxy section */
		A1AB7C432798AEFA00725B12 /* PBXContainerItemProxy */ = {
			isa = PBXContainerItemProxy;
			containerPortal = A1AB7C0F2798AEFA00725B12 /* Project object */;
			proxyType = 1;
			remoteGlobalIDString = A1AB7C402798AEFA00725B12;
			remoteInfo = "Pokemon Showdown Enhanced Tooltips Extension (iOS)";
		};
		A1AB7C4D2798AEFA00725B12 /* PBXContainerItemProxy */ = {
			isa = PBXContainerItemProxy;
			containerPortal = A1AB7C0F2798AEFA00725B12 /* Project object */;
			proxyType = 1;
			remoteGlobalIDString = A1AB7C4A2798AEFA00725B12;
			remoteInfo = "Pokemon Showdown Enhanced Tooltips Extension (macOS)";
		};
/* End PBXContainerItemProxy section */

/* Begin PBXCopyFilesBuildPhase section */
		A1AB7C652798AEFA00725B12 /* Embed Foundation Extensions */ = {
			isa = PBXCopyFilesBuildPhase;
			buildActionMask = 2147483647;
			dstPath = "";
			dstSubfolderSpec = 13;
			files = (
				A1AB7C422798AEFA00725B12 /* Enhanced Tooltips for Showdown Extension.appex in Embed Foundation Extensions */,
			);
			name = "Embed Foundation Extensions";
			runOnlyForDeploymentPostprocessing = 0;
		};
		A1AB7C6C2798AEFA00725B12 /* Embed Foundation Extensions */ = {
			isa = PBXCopyFilesBuildPhase;
			buildActionMask = 2147483647;
			dstPath = "";
			dstSubfolderSpec = 13;
			files = (
				A1AB7C4C2798AEFA00725B12 /* Enhanced Tooltips for Showdown Extension.appex in Embed Foundation Extensions */,
			);
			name = "Embed Foundation Extensions";
			runOnlyForDeploymentPostprocessing = 0;
		};
/* End PBXCopyFilesBuildPhase section */

/* Begin PBXFileReference section */
		A17450B12B68500200F60D56 /* i18n.fr.json */ = {isa = PBXFileReference; fileEncoding = 4; lastKnownFileType = text.json; name = i18n.fr.json; path = ../../../../dist/chrome/i18n.fr.json; sourceTree = "<group>"; };
		A17450B22B68500200F60D56 /* i18n.en.json */ = {isa = PBXFileReference; fileEncoding = 4; lastKnownFileType = text.json; name = i18n.en.json; path = ../../../../dist/chrome/i18n.en.json; sourceTree = "<group>"; };
		A193CE6728FB2CC800A3E5C2 /* error-circle-outline.svg */ = {isa = PBXFileReference; fileEncoding = 4; lastKnownFileType = text; name = "error-circle-outline.svg"; path = "../../../../dist/chrome/error-circle-outline.svg"; sourceTree = "<group>"; };
		A193CE6828FB2CC800A3E5C2 /* cog.svg */ = {isa = PBXFileReference; fileEncoding = 4; lastKnownFileType = text; name = cog.svg; path = ../../../../dist/chrome/cog.svg; sourceTree = "<group>"; };
		A193CE6928FB2CC800A3E5C2 /* close-circle.svg */ = {isa = PBXFileReference; fileEncoding = 4; lastKnownFileType = text; name = "close-circle.svg"; path = "../../../../dist/chrome/close-circle.svg"; sourceTree = "<group>"; };
		A1AB7C162798AEFA00725B12 /* Base */ = {isa = PBXFileReference; lastKnownFileType = text.html; name = Base; path = ../Base.lproj/Main.html; sourceTree = "<group>"; };
		A1AB7C172798AEFA00725B12 /* Icon.png */ = {isa = PBXFileReference; lastKnownFileType = image.png; path = Icon.png; sourceTree = "<group>"; };
		A1AB7C182798AEFA00725B12 /* Style.css */ = {isa = PBXFileReference; lastKnownFileType = text.css; path = Style.css; sourceTree = "<group>"; };
		A1AB7C192798AEFA00725B12 /* Script.js */ = {isa = PBXFileReference; lastKnownFileType = sourcecode.javascript; path = Script.js; sourceTree = "<group>"; };
		A1AB7C1A2798AEFA00725B12 /* ViewController.swift */ = {isa = PBXFileReference; lastKnownFileType = sourcecode.swift; path = ViewController.swift; sourceTree = "<group>"; };
		A1AB7C1B2798AEFA00725B12 /* Assets.xcassets */ = {isa = PBXFileReference; lastKnownFileType = folder.assetcatalog; path = Assets.xcassets; sourceTree = "<group>"; };
		A1AB7C1D2798AEFA00725B12 /* SafariWebExtensionHandler.swift */ = {isa = PBXFileReference; lastKnownFileType = sourcecode.swift; path = SafariWebExtensionHandler.swift; sourceTree = "<group>"; };
		A1AB7C222798AEFA00725B12 /* Enhanced Tooltips for Showdown.app */ = {isa = PBXFileReference; explicitFileType = wrapper.application; includeInIndex = 0; path = "Enhanced Tooltips for Showdown.app"; sourceTree = BUILT_PRODUCTS_DIR; };
		A1AB7C252798AEFA00725B12 /* AppDelegate.swift */ = {isa = PBXFileReference; lastKnownFileType = sourcecode.swift; path = AppDelegate.swift; sourceTree = "<group>"; };
		A1AB7C272798AEFA00725B12 /* SceneDelegate.swift */ = {isa = PBXFileReference; lastKnownFileType = sourcecode.swift; path = SceneDelegate.swift; sourceTree = "<group>"; };
		A1AB7C2A2798AEFA00725B12 /* Base */ = {isa = PBXFileReference; lastKnownFileType = file.storyboard; name = Base; path = Base.lproj/LaunchScreen.storyboard; sourceTree = "<group>"; };
		A1AB7C2D2798AEFA00725B12 /* Base */ = {isa = PBXFileReference; lastKnownFileType = file.storyboard; name = Base; path = Base.lproj/Main.storyboard; sourceTree = "<group>"; };
		A1AB7C2F2798AEFA00725B12 /* Info.plist */ = {isa = PBXFileReference; lastKnownFileType = text.plist.xml; path = Info.plist; sourceTree = "<group>"; };
		A1AB7C342798AEFA00725B12 /* Enhanced Tooltips for Showdown.app */ = {isa = PBXFileReference; explicitFileType = wrapper.application; includeInIndex = 0; path = "Enhanced Tooltips for Showdown.app"; sourceTree = BUILT_PRODUCTS_DIR; };
		A1AB7C362798AEFA00725B12 /* AppDelegate.swift */ = {isa = PBXFileReference; lastKnownFileType = sourcecode.swift; path = AppDelegate.swift; sourceTree = "<group>"; };
		A1AB7C392798AEFA00725B12 /* Base */ = {isa = PBXFileReference; lastKnownFileType = file.storyboard; name = Base; path = Base.lproj/Main.storyboard; sourceTree = "<group>"; };
		A1AB7C3B2798AEFA00725B12 /* Info.plist */ = {isa = PBXFileReference; lastKnownFileType = text.plist.xml; path = Info.plist; sourceTree = "<group>"; };
		A1AB7C3C2798AEFA00725B12 /* Pokemon Showdown Enhanced Tooltips.entitlements */ = {isa = PBXFileReference; lastKnownFileType = text.plist.entitlements; path = "Pokemon Showdown Enhanced Tooltips.entitlements"; sourceTree = "<group>"; };
		A1AB7C412798AEFA00725B12 /* Enhanced Tooltips for Showdown Extension.appex */ = {isa = PBXFileReference; explicitFileType = "wrapper.app-extension"; includeInIndex = 0; path = "Enhanced Tooltips for Showdown Extension.appex"; sourceTree = BUILT_PRODUCTS_DIR; };
		A1AB7C462798AEFA00725B12 /* Info.plist */ = {isa = PBXFileReference; lastKnownFileType = text.plist.xml; path = Info.plist; sourceTree = "<group>"; };
		A1AB7C4B2798AEFA00725B12 /* Enhanced Tooltips for Showdown Extension.appex */ = {isa = PBXFileReference; explicitFileType = "wrapper.app-extension"; includeInIndex = 0; path = "Enhanced Tooltips for Showdown Extension.appex"; sourceTree = BUILT_PRODUCTS_DIR; };
		A1AB7C502798AEFA00725B12 /* Info.plist */ = {isa = PBXFileReference; lastKnownFileType = text.plist.xml; path = Info.plist; sourceTree = "<group>"; };
		A1AB7C512798AEFA00725B12 /* Pokemon Showdown Enhanced Tooltips.entitlements */ = {isa = PBXFileReference; lastKnownFileType = text.plist.entitlements; path = "Pokemon Showdown Enhanced Tooltips.entitlements"; sourceTree = "<group>"; };
		A1ABECB127D128460043CAB3 /* manifest.json */ = {isa = PBXFileReference; fileEncoding = 4; lastKnownFileType = text.json; name = manifest.json; path = ../../../../dist/chrome/manifest.json; sourceTree = "<group>"; };
		A1BBC4C828DCA1EF006216ED /* sword.svg */ = {isa = PBXFileReference; fileEncoding = 4; lastKnownFileType = text; name = sword.svg; path = ../../../../dist/chrome/sword.svg; sourceTree = "<group>"; };
		A1BBC4C928DCA1EF006216ED /* icon.png */ = {isa = PBXFileReference; lastKnownFileType = image.png; name = icon.png; path = ../../../../dist/chrome/icon.png; sourceTree = "<group>"; };
		A1BBC4CA28DCA1EF006216ED /* background.js */ = {isa = PBXFileReference; fileEncoding = 4; lastKnownFileType = sourcecode.javascript; name = background.js; path = ../../../../dist/chrome/background.js; sourceTree = "<group>"; };
		A1BBC4CB28DCA1EF006216ED /* clipboard-heart.svg */ = {isa = PBXFileReference; fileEncoding = 4; lastKnownFileType = text; name = "clipboard-heart.svg"; path = "../../../../dist/chrome/clipboard-heart.svg"; sourceTree = "<group>"; };
		A1BBC4CC28DCA1EF006216ED /* icon48.png */ = {isa = PBXFileReference; lastKnownFileType = image.png; name = icon48.png; path = ../../../../dist/chrome/icon48.png; sourceTree = "<group>"; };
		A1BBC4CD28DCA1EF006216ED /* icon128.png */ = {isa = PBXFileReference; lastKnownFileType = image.png; name = icon128.png; path = ../../../../dist/chrome/icon128.png; sourceTree = "<group>"; };
		A1BBC4CF28DCA1EF006216ED /* main.js */ = {isa = PBXFileReference; fileEncoding = 4; lastKnownFileType = sourcecode.javascript; name = main.js; path = ../../../../dist/chrome/main.js; sourceTree = "<group>"; };
		A1BBC4D028DCA1EF006216ED /* bug.svg */ = {isa = PBXFileReference; fileEncoding = 4; lastKnownFileType = text; name = bug.svg; path = ../../../../dist/chrome/bug.svg; sourceTree = "<group>"; };
		A1BBC4D228DCA1EF006216ED /* icon64.png */ = {isa = PBXFileReference; lastKnownFileType = image.png; name = icon64.png; path = ../../../../dist/chrome/icon64.png; sourceTree = "<group>"; };
		A1BBC4D428DCA1EF006216ED /* tize.svg */ = {isa = PBXFileReference; fileEncoding = 4; lastKnownFileType = text; name = tize.svg; path = ../../../../dist/chrome/tize.svg; sourceTree = "<group>"; };
		A1BBC4D528DCA1EF006216ED /* icon38.png */ = {isa = PBXFileReference; lastKnownFileType = image.png; name = icon38.png; path = ../../../../dist/chrome/icon38.png; sourceTree = "<group>"; };
		A1BBC4D628DCA1EF006216ED /* content.js */ = {isa = PBXFileReference; fileEncoding = 4; lastKnownFileType = sourcecode.javascript; name = content.js; path = ../../../../dist/chrome/content.js; sourceTree = "<group>"; };
		A1BBC4D728DCA1EF006216ED /* icon19.png */ = {isa = PBXFileReference; lastKnownFileType = image.png; name = icon19.png; path = ../../../../dist/chrome/icon19.png; sourceTree = "<group>"; };
		A1BBC4D828DCA1EF006216ED /* icon32.png */ = {isa = PBXFileReference; lastKnownFileType = image.png; name = icon32.png; path = ../../../../dist/chrome/icon32.png; sourceTree = "<group>"; };
		A1BBC4D928DCA1EF006216ED /* showdex.svg */ = {isa = PBXFileReference; fileEncoding = 4; lastKnownFileType = text; name = showdex.svg; path = ../../../../dist/chrome/showdex.svg; sourceTree = "<group>"; };
		A1BBC4DA28DCA1EF006216ED /* sparkle.svg */ = {isa = PBXFileReference; fileEncoding = 4; lastKnownFileType = text; name = sparkle.svg; path = ../../../../dist/chrome/sparkle.svg; sourceTree = "<group>"; };
		A1BBC4DB28DCA1F0006216ED /* signpost.svg */ = {isa = PBXFileReference; fileEncoding = 4; lastKnownFileType = text; name = signpost.svg; path = ../../../../dist/chrome/signpost.svg; sourceTree = "<group>"; };
		A1BBC4DC28DCA1F0006216ED /* github-face.svg */ = {isa = PBXFileReference; fileEncoding = 4; lastKnownFileType = text; name = "github-face.svg"; path = "../../../../dist/chrome/github-face.svg"; sourceTree = "<group>"; };
		A1BBC4DD28DCA1F0006216ED /* remove-circle.svg */ = {isa = PBXFileReference; fileEncoding = 4; lastKnownFileType = text; name = "remove-circle.svg"; path = "../../../../dist/chrome/remove-circle.svg"; sourceTree = "<group>"; };
		A1BBC4DE28DCA1F0006216ED /* apple-touch-icon.png */ = {isa = PBXFileReference; lastKnownFileType = image.png; name = "apple-touch-icon.png"; path = "../../../../dist/chrome/apple-touch-icon.png"; sourceTree = "<group>"; };
		A1BBC4DF28DCA1F0006216ED /* info-circle.svg */ = {isa = PBXFileReference; fileEncoding = 4; lastKnownFileType = text; name = "info-circle.svg"; path = "../../../../dist/chrome/info-circle.svg"; sourceTree = "<group>"; };
/* End PBXFileReference section */

/* Begin PBXFrameworksBuildPhase section */
		A1AB7C1F2798AEFA00725B12 /* Frameworks */ = {
			isa = PBXFrameworksBuildPhase;
			buildActionMask = 2147483647;
			files = (
			);
			runOnlyForDeploymentPostprocessing = 0;
		};
		A1AB7C312798AEFA00725B12 /* Frameworks */ = {
			isa = PBXFrameworksBuildPhase;
			buildActionMask = 2147483647;
			files = (
			);
			runOnlyForDeploymentPostprocessing = 0;
		};
		A1AB7C3E2798AEFA00725B12 /* Frameworks */ = {
			isa = PBXFrameworksBuildPhase;
			buildActionMask = 2147483647;
			files = (
			);
			runOnlyForDeploymentPostprocessing = 0;
		};
		A1AB7C482798AEFA00725B12 /* Frameworks */ = {
			isa = PBXFrameworksBuildPhase;
			buildActionMask = 2147483647;
			files = (
			);
			runOnlyForDeploymentPostprocessing = 0;
		};
/* End PBXFrameworksBuildPhase section */

/* Begin PBXGroup section */
		A1AB7C0E2798AEFA00725B12 = {
			isa = PBXGroup;
			children = (
				A1AB7C132798AEFA00725B12 /* Shared (App) */,
				A1AB7C1C2798AEFA00725B12 /* Shared (Extension) */,
				A1AB7C242798AEFA00725B12 /* iOS (App) */,
				A1AB7C352798AEFA00725B12 /* macOS (App) */,
				A1AB7C452798AEFA00725B12 /* iOS (Extension) */,
				A1AB7C4F2798AEFA00725B12 /* macOS (Extension) */,
				A1AB7C232798AEFA00725B12 /* Products */,
			);
			sourceTree = "<group>";
		};
		A1AB7C132798AEFA00725B12 /* Shared (App) */ = {
			isa = PBXGroup;
			children = (
				A1AB7C1A2798AEFA00725B12 /* ViewController.swift */,
				A1AB7C1B2798AEFA00725B12 /* Assets.xcassets */,
				A1AB7C142798AEFA00725B12 /* Resources */,
			);
			path = "Shared (App)";
			sourceTree = "<group>";
		};
		A1AB7C142798AEFA00725B12 /* Resources */ = {
			isa = PBXGroup;
			children = (
				A1AB7C152798AEFA00725B12 /* Main.html */,
				A1AB7C172798AEFA00725B12 /* Icon.png */,
				A1AB7C182798AEFA00725B12 /* Style.css */,
				A1AB7C192798AEFA00725B12 /* Script.js */,
			);
			path = Resources;
			sourceTree = "<group>";
		};
		A1AB7C1C2798AEFA00725B12 /* Shared (Extension) */ = {
			isa = PBXGroup;
			children = (
				A1AB7C702798AEFB00725B12 /* Resources */,
				A1AB7C1D2798AEFA00725B12 /* SafariWebExtensionHandler.swift */,
			);
			path = "Shared (Extension)";
			sourceTree = "<group>";
		};
		A1AB7C232798AEFA00725B12 /* Products */ = {
			isa = PBXGroup;
			children = (
				A1AB7C222798AEFA00725B12 /* Enhanced Tooltips for Showdown.app */,
				A1AB7C342798AEFA00725B12 /* Enhanced Tooltips for Showdown.app */,
				A1AB7C412798AEFA00725B12 /* Enhanced Tooltips for Showdown Extension.appex */,
				A1AB7C4B2798AEFA00725B12 /* Enhanced Tooltips for Showdown Extension.appex */,
			);
			name = Products;
			sourceTree = "<group>";
		};
		A1AB7C242798AEFA00725B12 /* iOS (App) */ = {
			isa = PBXGroup;
			children = (
				A1AB7C252798AEFA00725B12 /* AppDelegate.swift */,
				A1AB7C272798AEFA00725B12 /* SceneDelegate.swift */,
				A1AB7C292798AEFA00725B12 /* LaunchScreen.storyboard */,
				A1AB7C2C2798AEFA00725B12 /* Main.storyboard */,
				A1AB7C2F2798AEFA00725B12 /* Info.plist */,
			);
			path = "iOS (App)";
			sourceTree = "<group>";
		};
		A1AB7C352798AEFA00725B12 /* macOS (App) */ = {
			isa = PBXGroup;
			children = (
				A1AB7C362798AEFA00725B12 /* AppDelegate.swift */,
				A1AB7C382798AEFA00725B12 /* Main.storyboard */,
				A1AB7C3B2798AEFA00725B12 /* Info.plist */,
				A1AB7C3C2798AEFA00725B12 /* Pokemon Showdown Enhanced Tooltips.entitlements */,
			);
			path = "macOS (App)";
			sourceTree = "<group>";
		};
		A1AB7C452798AEFA00725B12 /* iOS (Extension) */ = {
			isa = PBXGroup;
			children = (
				A1AB7C462798AEFA00725B12 /* Info.plist */,
			);
			path = "iOS (Extension)";
			sourceTree = "<group>";
		};
		A1AB7C4F2798AEFA00725B12 /* macOS (Extension) */ = {
			isa = PBXGroup;
			children = (
				A1AB7C502798AEFA00725B12 /* Info.plist */,
				A1AB7C512798AEFA00725B12 /* Pokemon Showdown Enhanced Tooltips.entitlements */,
			);
			path = "macOS (Extension)";
			sourceTree = "<group>";
		};
		A1AB7C702798AEFB00725B12 /* Resources */ = {
			isa = PBXGroup;
			children = (
				A17450B22B68500200F60D56 /* i18n.en.json */,
				A17450B12B68500200F60D56 /* i18n.fr.json */,
				A193CE6928FB2CC800A3E5C2 /* close-circle.svg */,
				A193CE6828FB2CC800A3E5C2 /* cog.svg */,
				A193CE6728FB2CC800A3E5C2 /* error-circle-outline.svg */,
				A1BBC4DE28DCA1F0006216ED /* apple-touch-icon.png */,
				A1BBC4CA28DCA1EF006216ED /* background.js */,
				A1BBC4D028DCA1EF006216ED /* bug.svg */,
				A1BBC4CB28DCA1EF006216ED /* clipboard-heart.svg */,
				A1BBC4D628DCA1EF006216ED /* content.js */,
				A1BBC4DC28DCA1F0006216ED /* github-face.svg */,
				A1BBC4C928DCA1EF006216ED /* icon.png */,
				A1BBC4D728DCA1EF006216ED /* icon19.png */,
				A1BBC4D828DCA1EF006216ED /* icon32.png */,
				A1BBC4D528DCA1EF006216ED /* icon38.png */,
				A1BBC4CC28DCA1EF006216ED /* icon48.png */,
				A1BBC4D228DCA1EF006216ED /* icon64.png */,
				A1BBC4CD28DCA1EF006216ED /* icon128.png */,
				A1BBC4DF28DCA1F0006216ED /* info-circle.svg */,
				A1BBC4CF28DCA1EF006216ED /* main.js */,
				A1BBC4DD28DCA1F0006216ED /* remove-circle.svg */,
				A1BBC4D928DCA1EF006216ED /* showdex.svg */,
				A1BBC4DB28DCA1F0006216ED /* signpost.svg */,
				A1BBC4DA28DCA1EF006216ED /* sparkle.svg */,
				A1BBC4C828DCA1EF006216ED /* sword.svg */,
				A1BBC4D428DCA1EF006216ED /* tize.svg */,
				A1ABECB127D128460043CAB3 /* manifest.json */,
			);
			name = Resources;
			path = "Shared (Extension)";
			sourceTree = SOURCE_ROOT;
		};
/* End PBXGroup section */

/* Begin PBXNativeTarget section */
		A1AB7C212798AEFA00725B12 /* Enhanced Tooltips for Showdown (iOS) */ = {
			isa = PBXNativeTarget;
			buildConfigurationList = A1AB7C662798AEFA00725B12 /* Build configuration list for PBXNativeTarget "Enhanced Tooltips for Showdown (iOS)" */;
			buildPhases = (
				A1AB7C1E2798AEFA00725B12 /* Sources */,
				A1AB7C1F2798AEFA00725B12 /* Frameworks */,
				A1AB7C202798AEFA00725B12 /* Resources */,
				A1AB7C652798AEFA00725B12 /* Embed Foundation Extensions */,
			);
			buildRules = (
			);
			dependencies = (
				A1AB7C442798AEFA00725B12 /* PBXTargetDependency */,
			);
			name = "Enhanced Tooltips for Showdown (iOS)";
			productName = "Pokemon Showdown Enhanced Tooltips (iOS)";
			productReference = A1AB7C222798AEFA00725B12 /* Enhanced Tooltips for Showdown.app */;
			productType = "com.apple.product-type.application";
		};
		A1AB7C332798AEFA00725B12 /* Enhanced Tooltips for Showdown (macOS) */ = {
			isa = PBXNativeTarget;
			buildConfigurationList = A1AB7C6D2798AEFA00725B12 /* Build configuration list for PBXNativeTarget "Enhanced Tooltips for Showdown (macOS)" */;
			buildPhases = (
				A1AB7C302798AEFA00725B12 /* Sources */,
				A1AB7C312798AEFA00725B12 /* Frameworks */,
				A1AB7C322798AEFA00725B12 /* Resources */,
				A1AB7C6C2798AEFA00725B12 /* Embed Foundation Extensions */,
			);
			buildRules = (
			);
			dependencies = (
				A1AB7C4E2798AEFA00725B12 /* PBXTargetDependency */,
			);
			name = "Enhanced Tooltips for Showdown (macOS)";
			productName = "Pokemon Showdown Enhanced Tooltips (macOS)";
			productReference = A1AB7C342798AEFA00725B12 /* Enhanced Tooltips for Showdown.app */;
			productType = "com.apple.product-type.application";
		};
		A1AB7C402798AEFA00725B12 /* Enhanced Tooltips for Showdown Extension (iOS) */ = {
			isa = PBXNativeTarget;
			buildConfigurationList = A1AB7C622798AEFA00725B12 /* Build configuration list for PBXNativeTarget "Enhanced Tooltips for Showdown Extension (iOS)" */;
			buildPhases = (
				A1AB7C3D2798AEFA00725B12 /* Sources */,
				A1AB7C3E2798AEFA00725B12 /* Frameworks */,
				A1AB7C3F2798AEFA00725B12 /* Resources */,
			);
			buildRules = (
			);
			dependencies = (
			);
			name = "Enhanced Tooltips for Showdown Extension (iOS)";
			productName = "Pokemon Showdown Enhanced Tooltips Extension (iOS)";
			productReference = A1AB7C412798AEFA00725B12 /* Enhanced Tooltips for Showdown Extension.appex */;
			productType = "com.apple.product-type.app-extension";
		};
		A1AB7C4A2798AEFA00725B12 /* Enhanced Tooltips for Showdown Extension (macOS) */ = {
			isa = PBXNativeTarget;
			buildConfigurationList = A1AB7C692798AEFA00725B12 /* Build configuration list for PBXNativeTarget "Enhanced Tooltips for Showdown Extension (macOS)" */;
			buildPhases = (
				A1AB7C472798AEFA00725B12 /* Sources */,
				A1AB7C482798AEFA00725B12 /* Frameworks */,
				A1AB7C492798AEFA00725B12 /* Resources */,
			);
			buildRules = (
			);
			dependencies = (
			);
			name = "Enhanced Tooltips for Showdown Extension (macOS)";
			productName = "Pokemon Showdown Enhanced Tooltips Extension (macOS)";
			productReference = A1AB7C4B2798AEFA00725B12 /* Enhanced Tooltips for Showdown Extension.appex */;
			productType = "com.apple.product-type.app-extension";
		};
/* End PBXNativeTarget section */

/* Begin PBXProject section */
		A1AB7C0F2798AEFA00725B12 /* Project object */ = {
			isa = PBXProject;
			attributes = {
				BuildIndependentTargetsInParallel = 1;
				LastSwiftUpdateCheck = 1320;
				LastUpgradeCheck = 1420;
				TargetAttributes = {
					A1AB7C212798AEFA00725B12 = {
						CreatedOnToolsVersion = 13.2.1;
					};
					A1AB7C332798AEFA00725B12 = {
						CreatedOnToolsVersion = 13.2.1;
					};
					A1AB7C402798AEFA00725B12 = {
						CreatedOnToolsVersion = 13.2.1;
					};
					A1AB7C4A2798AEFA00725B12 = {
						CreatedOnToolsVersion = 13.2.1;
					};
				};
			};
			buildConfigurationList = A1AB7C122798AEFA00725B12 /* Build configuration list for PBXProject "Enhanced Tooltips for Showdown" */;
			compatibilityVersion = "Xcode 13.0";
			developmentRegion = en;
			hasScannedForEncodings = 0;
			knownRegions = (
				en,
				Base,
			);
			mainGroup = A1AB7C0E2798AEFA00725B12;
			productRefGroup = A1AB7C232798AEFA00725B12 /* Products */;
			projectDirPath = "";
			projectRoot = "";
			targets = (
				A1AB7C212798AEFA00725B12 /* Enhanced Tooltips for Showdown (iOS) */,
				A1AB7C332798AEFA00725B12 /* Enhanced Tooltips for Showdown (macOS) */,
				A1AB7C402798AEFA00725B12 /* Enhanced Tooltips for Showdown Extension (iOS) */,
				A1AB7C4A2798AEFA00725B12 /* Enhanced Tooltips for Showdown Extension (macOS) */,
			);
		};
/* End PBXProject section */

/* Begin PBXResourcesBuildPhase section */
		A1AB7C202798AEFA00725B12 /* Resources */ = {
			isa = PBXResourcesBuildPhase;
			buildActionMask = 2147483647;
			files = (
				A1BBC4FC28DCA1F0006216ED /* main.js in Resources */,
				A17450B32B68500200F60D56 /* i18n.fr.json in Resources */,
				A1BBC4E428DCA1F0006216ED /* icon.png in Resources */,
				A1AB7C542798AEFA00725B12 /* Icon.png in Resources */,
				A1BBC53C28DCA1F0006216ED /* info-circle.svg in Resources */,
				A1BBC4F028DCA1F0006216ED /* icon48.png in Resources */,
				A1BBC51828DCA1F0006216ED /* content.js in Resources */,
				A17450B72B68500200F60D56 /* i18n.en.json in Resources */,
				A1BBC4E828DCA1F0006216ED /* background.js in Resources */,
				A1AB7C2B2798AEFA00725B12 /* LaunchScreen.storyboard in Resources */,
				A1ABECBB27D128460043CAB3 /* manifest.json in Resources */,
				A1AB7C522798AEFA00725B12 /* Main.html in Resources */,
				A1BBC4EC28DCA1F0006216ED /* clipboard-heart.svg in Resources */,
				A1BBC51C28DCA1F0006216ED /* icon19.png in Resources */,
				A1BBC53028DCA1F0006216ED /* github-face.svg in Resources */,
				A1BBC52428DCA1F0006216ED /* showdex.svg in Resources */,
				A1BBC51028DCA1F0006216ED /* tize.svg in Resources */,
				A1BBC53828DCA1F0006216ED /* apple-touch-icon.png in Resources */,
				A193CE6A28FB2CC800A3E5C2 /* error-circle-outline.svg in Resources */,
				A1AB7C582798AEFA00725B12 /* Script.js in Resources */,
				A1BBC52828DCA1F0006216ED /* sparkle.svg in Resources */,
				A1AB7C5C2798AEFA00725B12 /* Assets.xcassets in Resources */,
				A1AB7C2E2798AEFA00725B12 /* Main.storyboard in Resources */,
				A1BBC4F428DCA1F0006216ED /* icon128.png in Resources */,
				A1BBC4E028DCA1F0006216ED /* sword.svg in Resources */,
				A1BBC52C28DCA1F0006216ED /* signpost.svg in Resources */,
				A1BBC52028DCA1F0006216ED /* icon32.png in Resources */,
				A1AB7C562798AEFA00725B12 /* Style.css in Resources */,
				A1BBC50828DCA1F0006216ED /* icon64.png in Resources */,
				A1BBC53428DCA1F0006216ED /* remove-circle.svg in Resources */,
				A1BBC50028DCA1F0006216ED /* bug.svg in Resources */,
				A193CE7228FB2CC800A3E5C2 /* close-circle.svg in Resources */,
				A193CE6E28FB2CC800A3E5C2 /* cog.svg in Resources */,
				A1BBC51428DCA1F0006216ED /* icon38.png in Resources */,
			);
			runOnlyForDeploymentPostprocessing = 0;
		};
		A1AB7C322798AEFA00725B12 /* Resources */ = {
			isa = PBXResourcesBuildPhase;
			buildActionMask = 2147483647;
			files = (
				A1BBC53D28DCA1F0006216ED /* info-circle.svg in Resources */,
				A1BBC51528DCA1F0006216ED /* icon38.png in Resources */,
				A193CE6B28FB2CC800A3E5C2 /* error-circle-outline.svg in Resources */,
				A193CE7328FB2CC800A3E5C2 /* close-circle.svg in Resources */,
				A1BBC51D28DCA1F0006216ED /* icon19.png in Resources */,
				A1AB7C552798AEFA00725B12 /* Icon.png in Resources */,
				A1BBC4F528DCA1F0006216ED /* icon128.png in Resources */,
				A17450B82B68500200F60D56 /* i18n.en.json in Resources */,
				A1BBC52128DCA1F0006216ED /* icon32.png in Resources */,
				A1BBC52928DCA1F0006216ED /* sparkle.svg in Resources */,
				A1AB7C572798AEFA00725B12 /* Style.css in Resources */,
				A1AB7C3A2798AEFA00725B12 /* Main.storyboard in Resources */,
				A1ABECBC27D128460043CAB3 /* manifest.json in Resources */,
				A1BBC51928DCA1F0006216ED /* content.js in Resources */,
				A1BBC52D28DCA1F0006216ED /* signpost.svg in Resources */,
				A1BBC4E928DCA1F0006216ED /* background.js in Resources */,
				A1AB7C592798AEFA00725B12 /* Script.js in Resources */,
				A1BBC51128DCA1F0006216ED /* tize.svg in Resources */,
				A1BBC4E528DCA1F0006216ED /* icon.png in Resources */,
				A1BBC4ED28DCA1F0006216ED /* clipboard-heart.svg in Resources */,
				A1BBC50128DCA1F0006216ED /* bug.svg in Resources */,
				A193CE6F28FB2CC800A3E5C2 /* cog.svg in Resources */,
				A1AB7C5D2798AEFA00725B12 /* Assets.xcassets in Resources */,
				A1AB7C532798AEFA00725B12 /* Main.html in Resources */,
				A1BBC4FD28DCA1F0006216ED /* main.js in Resources */,
				A1BBC53928DCA1F0006216ED /* apple-touch-icon.png in Resources */,
				A1BBC4E128DCA1F0006216ED /* sword.svg in Resources */,
				A17450B42B68500200F60D56 /* i18n.fr.json in Resources */,
				A1BBC53128DCA1F0006216ED /* github-face.svg in Resources */,
				A1BBC53528DCA1F0006216ED /* remove-circle.svg in Resources */,
				A1BBC4F128DCA1F0006216ED /* icon48.png in Resources */,
				A1BBC50928DCA1F0006216ED /* icon64.png in Resources */,
				A1BBC52528DCA1F0006216ED /* showdex.svg in Resources */,
			);
			runOnlyForDeploymentPostprocessing = 0;
		};
		A1AB7C3F2798AEFA00725B12 /* Resources */ = {
			isa = PBXResourcesBuildPhase;
			buildActionMask = 2147483647;
			files = (
				A1BBC52E28DCA1F0006216ED /* signpost.svg in Resources */,
				A1BBC52628DCA1F0006216ED /* showdex.svg in Resources */,
				A1BBC51628DCA1F0006216ED /* icon38.png in Resources */,
				A1ABECBD27D128460043CAB3 /* manifest.json in Resources */,
				A1BBC4EE28DCA1F0006216ED /* clipboard-heart.svg in Resources */,
				A1BBC52A28DCA1F0006216ED /* sparkle.svg in Resources */,
				A1BBC51E28DCA1F0006216ED /* icon19.png in Resources */,
				A1BBC4FE28DCA1F0006216ED /* main.js in Resources */,
				A1BBC4EA28DCA1F0006216ED /* background.js in Resources */,
				A1BBC4E628DCA1F0006216ED /* icon.png in Resources */,
				A1BBC4E228DCA1F0006216ED /* sword.svg in Resources */,
				A193CE7428FB2CC800A3E5C2 /* close-circle.svg in Resources */,
				A1BBC53A28DCA1F0006216ED /* apple-touch-icon.png in Resources */,
				A17450B92B68500200F60D56 /* i18n.en.json in Resources */,
				A193CE7028FB2CC800A3E5C2 /* cog.svg in Resources */,
				A17450B52B68500200F60D56 /* i18n.fr.json in Resources */,
				A1BBC53628DCA1F0006216ED /* remove-circle.svg in Resources */,
				A1BBC51228DCA1F0006216ED /* tize.svg in Resources */,
				A1BBC51A28DCA1F0006216ED /* content.js in Resources */,
				A1BBC50228DCA1F0006216ED /* bug.svg in Resources */,
				A1BBC4F628DCA1F0006216ED /* icon128.png in Resources */,
				A1BBC52228DCA1F0006216ED /* icon32.png in Resources */,
				A1BBC4F228DCA1F0006216ED /* icon48.png in Resources */,
				A1BBC53228DCA1F0006216ED /* github-face.svg in Resources */,
				A193CE6C28FB2CC800A3E5C2 /* error-circle-outline.svg in Resources */,
				A1BBC53E28DCA1F0006216ED /* info-circle.svg in Resources */,
				A1BBC50A28DCA1F0006216ED /* icon64.png in Resources */,
			);
			runOnlyForDeploymentPostprocessing = 0;
		};
		A1AB7C492798AEFA00725B12 /* Resources */ = {
			isa = PBXResourcesBuildPhase;
			buildActionMask = 2147483647;
			files = (
				A1BBC52F28DCA1F0006216ED /* signpost.svg in Resources */,
				A1BBC52728DCA1F0006216ED /* showdex.svg in Resources */,
				A1BBC51728DCA1F0006216ED /* icon38.png in Resources */,
				A1ABECBE27D128460043CAB3 /* manifest.json in Resources */,
				A1BBC4EF28DCA1F0006216ED /* clipboard-heart.svg in Resources */,
				A1BBC52B28DCA1F0006216ED /* sparkle.svg in Resources */,
				A1BBC51F28DCA1F0006216ED /* icon19.png in Resources */,
				A1BBC4FF28DCA1F0006216ED /* main.js in Resources */,
				A1BBC4EB28DCA1F0006216ED /* background.js in Resources */,
				A1BBC4E728DCA1F0006216ED /* icon.png in Resources */,
				A1BBC4E328DCA1F0006216ED /* sword.svg in Resources */,
				A193CE7528FB2CC800A3E5C2 /* close-circle.svg in Resources */,
				A1BBC53B28DCA1F0006216ED /* apple-touch-icon.png in Resources */,
				A17450BA2B68500200F60D56 /* i18n.en.json in Resources */,
				A193CE7128FB2CC800A3E5C2 /* cog.svg in Resources */,
				A17450B62B68500200F60D56 /* i18n.fr.json in Resources */,
				A1BBC53728DCA1F0006216ED /* remove-circle.svg in Resources */,
				A1BBC51328DCA1F0006216ED /* tize.svg in Resources */,
				A1BBC51B28DCA1F0006216ED /* content.js in Resources */,
				A1BBC50328DCA1F0006216ED /* bug.svg in Resources */,
				A1BBC4F728DCA1F0006216ED /* icon128.png in Resources */,
				A1BBC52328DCA1F0006216ED /* icon32.png in Resources */,
				A1BBC4F328DCA1F0006216ED /* icon48.png in Resources */,
				A1BBC53328DCA1F0006216ED /* github-face.svg in Resources */,
				A193CE6D28FB2CC800A3E5C2 /* error-circle-outline.svg in Resources */,
				A1BBC53F28DCA1F0006216ED /* info-circle.svg in Resources */,
				A1BBC50B28DCA1F0006216ED /* icon64.png in Resources */,
			);
			runOnlyForDeploymentPostprocessing = 0;
		};
/* End PBXResourcesBuildPhase section */

/* Begin PBXSourcesBuildPhase section */
		A1AB7C1E2798AEFA00725B12 /* Sources */ = {
			isa = PBXSourcesBuildPhase;
			buildActionMask = 2147483647;
			files = (
				A1AB7C5A2798AEFA00725B12 /* ViewController.swift in Sources */,
				A1AB7C262798AEFA00725B12 /* AppDelegate.swift in Sources */,
				A1AB7C282798AEFA00725B12 /* SceneDelegate.swift in Sources */,
			);
			runOnlyForDeploymentPostprocessing = 0;
		};
		A1AB7C302798AEFA00725B12 /* Sources */ = {
			isa = PBXSourcesBuildPhase;
			buildActionMask = 2147483647;
			files = (
				A1AB7C5B2798AEFA00725B12 /* ViewController.swift in Sources */,
				A1AB7C372798AEFA00725B12 /* AppDelegate.swift in Sources */,
			);
			runOnlyForDeploymentPostprocessing = 0;
		};
		A1AB7C3D2798AEFA00725B12 /* Sources */ = {
			isa = PBXSourcesBuildPhase;
			buildActionMask = 2147483647;
			files = (
				A1AB7C5E2798AEFA00725B12 /* SafariWebExtensionHandler.swift in Sources */,
			);
			runOnlyForDeploymentPostprocessing = 0;
		};
		A1AB7C472798AEFA00725B12 /* Sources */ = {
			isa = PBXSourcesBuildPhase;
			buildActionMask = 2147483647;
			files = (
				A1AB7C5F2798AEFA00725B12 /* SafariWebExtensionHandler.swift in Sources */,
			);
			runOnlyForDeploymentPostprocessing = 0;
		};
/* End PBXSourcesBuildPhase section */

/* Begin PBXTargetDependency section */
		A1AB7C442798AEFA00725B12 /* PBXTargetDependency */ = {
			isa = PBXTargetDependency;
			target = A1AB7C402798AEFA00725B12 /* Enhanced Tooltips for Showdown Extension (iOS) */;
			targetProxy = A1AB7C432798AEFA00725B12 /* PBXContainerItemProxy */;
		};
		A1AB7C4E2798AEFA00725B12 /* PBXTargetDependency */ = {
			isa = PBXTargetDependency;
			target = A1AB7C4A2798AEFA00725B12 /* Enhanced Tooltips for Showdown Extension (macOS) */;
			targetProxy = A1AB7C4D2798AEFA00725B12 /* PBXContainerItemProxy */;
		};
/* End PBXTargetDependency section */

/* Begin PBXVariantGroup section */
		A1AB7C152798AEFA00725B12 /* Main.html */ = {
			isa = PBXVariantGroup;
			children = (
				A1AB7C162798AEFA00725B12 /* Base */,
			);
			name = Main.html;
			sourceTree = "<group>";
		};
		A1AB7C292798AEFA00725B12 /* LaunchScreen.storyboard */ = {
			isa = PBXVariantGroup;
			children = (
				A1AB7C2A2798AEFA00725B12 /* Base */,
			);
			name = LaunchScreen.storyboard;
			sourceTree = "<group>";
		};
		A1AB7C2C2798AEFA00725B12 /* Main.storyboard */ = {
			isa = PBXVariantGroup;
			children = (
				A1AB7C2D2798AEFA00725B12 /* Base */,
			);
			name = Main.storyboard;
			sourceTree = "<group>";
		};
		A1AB7C382798AEFA00725B12 /* Main.storyboard */ = {
			isa = PBXVariantGroup;
			children = (
				A1AB7C392798AEFA00725B12 /* Base */,
			);
			name = Main.storyboard;
			sourceTree = "<group>";
		};
/* End PBXVariantGroup section */

/* Begin XCBuildConfiguration section */
		A1AB7C602798AEFA00725B12 /* Debug */ = {
			isa = XCBuildConfiguration;
			buildSettings = {
				ALWAYS_SEARCH_USER_PATHS = NO;
				CLANG_ANALYZER_NONNULL = YES;
				CLANG_ANALYZER_NUMBER_OBJECT_CONVERSION = YES_AGGRESSIVE;
				CLANG_CXX_LANGUAGE_STANDARD = "gnu++17";
				CLANG_CXX_LIBRARY = "libc++";
				CLANG_ENABLE_MODULES = YES;
				CLANG_ENABLE_OBJC_ARC = YES;
				CLANG_ENABLE_OBJC_WEAK = YES;
				CLANG_WARN_BLOCK_CAPTURE_AUTORELEASING = YES;
				CLANG_WARN_BOOL_CONVERSION = YES;
				CLANG_WARN_COMMA = YES;
				CLANG_WARN_CONSTANT_CONVERSION = YES;
				CLANG_WARN_DEPRECATED_OBJC_IMPLEMENTATIONS = YES;
				CLANG_WARN_DIRECT_OBJC_ISA_USAGE = YES_ERROR;
				CLANG_WARN_DOCUMENTATION_COMMENTS = YES;
				CLANG_WARN_EMPTY_BODY = YES;
				CLANG_WARN_ENUM_CONVERSION = YES;
				CLANG_WARN_INFINITE_RECURSION = YES;
				CLANG_WARN_INT_CONVERSION = YES;
				CLANG_WARN_NON_LITERAL_NULL_CONVERSION = YES;
				CLANG_WARN_OBJC_IMPLICIT_RETAIN_SELF = YES;
				CLANG_WARN_OBJC_LITERAL_CONVERSION = YES;
				CLANG_WARN_OBJC_ROOT_CLASS = YES_ERROR;
				CLANG_WARN_QUOTED_INCLUDE_IN_FRAMEWORK_HEADER = YES;
				CLANG_WARN_RANGE_LOOP_ANALYSIS = YES;
				CLANG_WARN_STRICT_PROTOTYPES = YES;
				CLANG_WARN_SUSPICIOUS_MOVE = YES;
				CLANG_WARN_UNGUARDED_AVAILABILITY = YES_AGGRESSIVE;
				CLANG_WARN_UNREACHABLE_CODE = YES;
				CLANG_WARN__DUPLICATE_METHOD_MATCH = YES;
				COPY_PHASE_STRIP = NO;
				DEAD_CODE_STRIPPING = YES;
				DEBUG_INFORMATION_FORMAT = dwarf;
				ENABLE_STRICT_OBJC_MSGSEND = YES;
				ENABLE_TESTABILITY = YES;
				GCC_C_LANGUAGE_STANDARD = gnu11;
				GCC_DYNAMIC_NO_PIC = NO;
				GCC_NO_COMMON_BLOCKS = YES;
				GCC_OPTIMIZATION_LEVEL = 0;
				GCC_PREPROCESSOR_DEFINITIONS = (
					"DEBUG=1",
					"$(inherited)",
				);
				GCC_WARN_64_TO_32_BIT_CONVERSION = YES;
				GCC_WARN_ABOUT_RETURN_TYPE = YES_ERROR;
				GCC_WARN_UNDECLARED_SELECTOR = YES;
				GCC_WARN_UNINITIALIZED_AUTOS = YES_AGGRESSIVE;
				GCC_WARN_UNUSED_FUNCTION = YES;
				GCC_WARN_UNUSED_VARIABLE = YES;
				MTL_ENABLE_DEBUG_INFO = INCLUDE_SOURCE;
				MTL_FAST_MATH = YES;
				ONLY_ACTIVE_ARCH = YES;
				SWIFT_ACTIVE_COMPILATION_CONDITIONS = DEBUG;
				SWIFT_OPTIMIZATION_LEVEL = "-Onone";
			};
			name = Debug;
		};
		A1AB7C612798AEFA00725B12 /* Release */ = {
			isa = XCBuildConfiguration;
			buildSettings = {
				ALWAYS_SEARCH_USER_PATHS = NO;
				CLANG_ANALYZER_NONNULL = YES;
				CLANG_ANALYZER_NUMBER_OBJECT_CONVERSION = YES_AGGRESSIVE;
				CLANG_CXX_LANGUAGE_STANDARD = "gnu++17";
				CLANG_CXX_LIBRARY = "libc++";
				CLANG_ENABLE_MODULES = YES;
				CLANG_ENABLE_OBJC_ARC = YES;
				CLANG_ENABLE_OBJC_WEAK = YES;
				CLANG_WARN_BLOCK_CAPTURE_AUTORELEASING = YES;
				CLANG_WARN_BOOL_CONVERSION = YES;
				CLANG_WARN_COMMA = YES;
				CLANG_WARN_CONSTANT_CONVERSION = YES;
				CLANG_WARN_DEPRECATED_OBJC_IMPLEMENTATIONS = YES;
				CLANG_WARN_DIRECT_OBJC_ISA_USAGE = YES_ERROR;
				CLANG_WARN_DOCUMENTATION_COMMENTS = YES;
				CLANG_WARN_EMPTY_BODY = YES;
				CLANG_WARN_ENUM_CONVERSION = YES;
				CLANG_WARN_INFINITE_RECURSION = YES;
				CLANG_WARN_INT_CONVERSION = YES;
				CLANG_WARN_NON_LITERAL_NULL_CONVERSION = YES;
				CLANG_WARN_OBJC_IMPLICIT_RETAIN_SELF = YES;
				CLANG_WARN_OBJC_LITERAL_CONVERSION = YES;
				CLANG_WARN_OBJC_ROOT_CLASS = YES_ERROR;
				CLANG_WARN_QUOTED_INCLUDE_IN_FRAMEWORK_HEADER = YES;
				CLANG_WARN_RANGE_LOOP_ANALYSIS = YES;
				CLANG_WARN_STRICT_PROTOTYPES = YES;
				CLANG_WARN_SUSPICIOUS_MOVE = YES;
				CLANG_WARN_UNGUARDED_AVAILABILITY = YES_AGGRESSIVE;
				CLANG_WARN_UNREACHABLE_CODE = YES;
				CLANG_WARN__DUPLICATE_METHOD_MATCH = YES;
				COPY_PHASE_STRIP = NO;
				DEAD_CODE_STRIPPING = YES;
				DEBUG_INFORMATION_FORMAT = "dwarf-with-dsym";
				ENABLE_NS_ASSERTIONS = NO;
				ENABLE_STRICT_OBJC_MSGSEND = YES;
				GCC_C_LANGUAGE_STANDARD = gnu11;
				GCC_NO_COMMON_BLOCKS = YES;
				GCC_WARN_64_TO_32_BIT_CONVERSION = YES;
				GCC_WARN_ABOUT_RETURN_TYPE = YES_ERROR;
				GCC_WARN_UNDECLARED_SELECTOR = YES;
				GCC_WARN_UNINITIALIZED_AUTOS = YES_AGGRESSIVE;
				GCC_WARN_UNUSED_FUNCTION = YES;
				GCC_WARN_UNUSED_VARIABLE = YES;
				MTL_ENABLE_DEBUG_INFO = NO;
				MTL_FAST_MATH = YES;
				SWIFT_COMPILATION_MODE = wholemodule;
				SWIFT_OPTIMIZATION_LEVEL = "-O";
			};
			name = Release;
		};
		A1AB7C632798AEFA00725B12 /* Debug */ = {
			isa = XCBuildConfiguration;
			buildSettings = {
				CODE_SIGN_STYLE = Automatic;
				CURRENT_PROJECT_VERSION = 12;
				DEVELOPMENT_TEAM = 5F2AW2L57Z;
				GENERATE_INFOPLIST_FILE = YES;
				INFOPLIST_FILE = "iOS (Extension)/Info.plist";
				INFOPLIST_KEY_CFBundleDisplayName = "Enhanced Tooltips for Showdown";
				INFOPLIST_KEY_NSHumanReadableCopyright = "";
				IPHONEOS_DEPLOYMENT_TARGET = 15.0;
				LD_RUNPATH_SEARCH_PATHS = (
					"$(inherited)",
					"@executable_path/Frameworks",
					"@executable_path/../../Frameworks",
				);
				MARKETING_VERSION = 2.8;
				OTHER_LDFLAGS = (
					"-framework",
					SafariServices,
				);
				PRODUCT_BUNDLE_IDENTIFIER = com.cbruegg.enhancedtooltipsforshowdown.ext;
				PRODUCT_NAME = "Enhanced Tooltips for Showdown Extension";
				SDKROOT = iphoneos;
				SKIP_INSTALL = YES;
				SWIFT_EMIT_LOC_STRINGS = YES;
				SWIFT_VERSION = 5.0;
				TARGETED_DEVICE_FAMILY = "1,2";
			};
			name = Debug;
		};
		A1AB7C642798AEFA00725B12 /* Release */ = {
			isa = XCBuildConfiguration;
			buildSettings = {
				CODE_SIGN_STYLE = Automatic;
				CURRENT_PROJECT_VERSION = 12;
				DEVELOPMENT_TEAM = 5F2AW2L57Z;
				GENERATE_INFOPLIST_FILE = YES;
				INFOPLIST_FILE = "iOS (Extension)/Info.plist";
				INFOPLIST_KEY_CFBundleDisplayName = "Enhanced Tooltips for Showdown";
				INFOPLIST_KEY_NSHumanReadableCopyright = "";
				IPHONEOS_DEPLOYMENT_TARGET = 15.0;
				LD_RUNPATH_SEARCH_PATHS = (
					"$(inherited)",
					"@executable_path/Frameworks",
					"@executable_path/../../Frameworks",
				);
				MARKETING_VERSION = 2.8;
				OTHER_LDFLAGS = (
					"-framework",
					SafariServices,
				);
				PRODUCT_BUNDLE_IDENTIFIER = com.cbruegg.enhancedtooltipsforshowdown.ext;
				PRODUCT_NAME = "Enhanced Tooltips for Showdown Extension";
				SDKROOT = iphoneos;
				SKIP_INSTALL = YES;
				SWIFT_EMIT_LOC_STRINGS = YES;
				SWIFT_VERSION = 5.0;
				TARGETED_DEVICE_FAMILY = "1,2";
				VALIDATE_PRODUCT = YES;
			};
			name = Release;
		};
		A1AB7C672798AEFA00725B12 /* Debug */ = {
			isa = XCBuildConfiguration;
			buildSettings = {
				ALWAYS_EMBED_SWIFT_STANDARD_LIBRARIES = YES;
				ASSETCATALOG_COMPILER_APPICON_NAME = AppIcon;
				ASSETCATALOG_COMPILER_GLOBAL_ACCENT_COLOR_NAME = AccentColor;
				CODE_SIGN_STYLE = Automatic;
				CURRENT_PROJECT_VERSION = 12;
				DEVELOPMENT_TEAM = 5F2AW2L57Z;
				GENERATE_INFOPLIST_FILE = YES;
				INFOPLIST_FILE = "iOS (App)/Info.plist";
				INFOPLIST_KEY_CFBundleDisplayName = "Enhanced Tooltips for Showdown";
				INFOPLIST_KEY_LSApplicationCategoryType = "public.app-category.games";
				INFOPLIST_KEY_UIApplicationSupportsIndirectInputEvents = YES;
				INFOPLIST_KEY_UILaunchStoryboardName = LaunchScreen;
				INFOPLIST_KEY_UIMainStoryboardFile = Main;
				INFOPLIST_KEY_UISupportedInterfaceOrientations = "UIInterfaceOrientationPortrait UIInterfaceOrientationLandscapeLeft UIInterfaceOrientationLandscapeRight";
				INFOPLIST_KEY_UISupportedInterfaceOrientations_iPad = "UIInterfaceOrientationPortrait UIInterfaceOrientationPortraitUpsideDown UIInterfaceOrientationLandscapeLeft UIInterfaceOrientationLandscapeRight";
				IPHONEOS_DEPLOYMENT_TARGET = 15.0;
				LD_RUNPATH_SEARCH_PATHS = (
					"$(inherited)",
					"@executable_path/Frameworks",
				);
				MARKETING_VERSION = 2.8;
				OTHER_LDFLAGS = (
					"-framework",
					SafariServices,
					"-framework",
					WebKit,
				);
				PRODUCT_BUNDLE_IDENTIFIER = com.cbruegg.enhancedtooltipsforshowdown;
				PRODUCT_NAME = "Enhanced Tooltips for Showdown";
				SDKROOT = iphoneos;
				SWIFT_EMIT_LOC_STRINGS = YES;
				SWIFT_VERSION = 5.0;
				TARGETED_DEVICE_FAMILY = "1,2";
			};
			name = Debug;
		};
		A1AB7C682798AEFA00725B12 /* Release */ = {
			isa = XCBuildConfiguration;
			buildSettings = {
				ALWAYS_EMBED_SWIFT_STANDARD_LIBRARIES = YES;
				ASSETCATALOG_COMPILER_APPICON_NAME = AppIcon;
				ASSETCATALOG_COMPILER_GLOBAL_ACCENT_COLOR_NAME = AccentColor;
				CODE_SIGN_STYLE = Automatic;
				CURRENT_PROJECT_VERSION = 12;
				DEVELOPMENT_TEAM = 5F2AW2L57Z;
				GENERATE_INFOPLIST_FILE = YES;
				INFOPLIST_FILE = "iOS (App)/Info.plist";
				INFOPLIST_KEY_CFBundleDisplayName = "Enhanced Tooltips for Showdown";
				INFOPLIST_KEY_LSApplicationCategoryType = "public.app-category.games";
				INFOPLIST_KEY_UIApplicationSupportsIndirectInputEvents = YES;
				INFOPLIST_KEY_UILaunchStoryboardName = LaunchScreen;
				INFOPLIST_KEY_UIMainStoryboardFile = Main;
				INFOPLIST_KEY_UISupportedInterfaceOrientations = "UIInterfaceOrientationPortrait UIInterfaceOrientationLandscapeLeft UIInterfaceOrientationLandscapeRight";
				INFOPLIST_KEY_UISupportedInterfaceOrientations_iPad = "UIInterfaceOrientationPortrait UIInterfaceOrientationPortraitUpsideDown UIInterfaceOrientationLandscapeLeft UIInterfaceOrientationLandscapeRight";
				IPHONEOS_DEPLOYMENT_TARGET = 15.0;
				LD_RUNPATH_SEARCH_PATHS = (
					"$(inherited)",
					"@executable_path/Frameworks",
				);
				MARKETING_VERSION = 2.8;
				OTHER_LDFLAGS = (
					"-framework",
					SafariServices,
					"-framework",
					WebKit,
				);
				PRODUCT_BUNDLE_IDENTIFIER = com.cbruegg.enhancedtooltipsforshowdown;
				PRODUCT_NAME = "Enhanced Tooltips for Showdown";
				SDKROOT = iphoneos;
				SWIFT_EMIT_LOC_STRINGS = YES;
				SWIFT_VERSION = 5.0;
				TARGETED_DEVICE_FAMILY = "1,2";
				VALIDATE_PRODUCT = YES;
			};
			name = Release;
		};
		A1AB7C6A2798AEFA00725B12 /* Debug */ = {
			isa = XCBuildConfiguration;
			buildSettings = {
				CODE_SIGN_ENTITLEMENTS = "macOS (Extension)/Pokemon Showdown Enhanced Tooltips.entitlements";
				CODE_SIGN_IDENTITY = "-";
				CODE_SIGN_STYLE = Automatic;
				CURRENT_PROJECT_VERSION = 14;
				DEAD_CODE_STRIPPING = YES;
				DEVELOPMENT_TEAM = 5F2AW2L57Z;
				ENABLE_HARDENED_RUNTIME = YES;
				GENERATE_INFOPLIST_FILE = YES;
				INFOPLIST_FILE = "macOS (Extension)/Info.plist";
				INFOPLIST_KEY_CFBundleDisplayName = "Enhanced Tooltips for Showdown";
				INFOPLIST_KEY_NSHumanReadableCopyright = "";
				LD_RUNPATH_SEARCH_PATHS = (
					"$(inherited)",
					"@executable_path/../Frameworks",
					"@executable_path/../../../../Frameworks",
				);
				MACOSX_DEPLOYMENT_TARGET = "$(RECOMMENDED_MACOSX_DEPLOYMENT_TARGET)";
				MARKETING_VERSION = 2.8;
				OTHER_LDFLAGS = (
					"-framework",
					SafariServices,
				);
				PRODUCT_BUNDLE_IDENTIFIER = com.cbruegg.enhancedtooltipsforshowdown.ext;
				PRODUCT_NAME = "Enhanced Tooltips for Showdown Extension";
				SDKROOT = macosx;
				SKIP_INSTALL = YES;
				SWIFT_EMIT_LOC_STRINGS = YES;
				SWIFT_VERSION = 5.0;
			};
			name = Debug;
		};
		A1AB7C6B2798AEFA00725B12 /* Release */ = {
			isa = XCBuildConfiguration;
			buildSettings = {
				CODE_SIGN_ENTITLEMENTS = "macOS (Extension)/Pokemon Showdown Enhanced Tooltips.entitlements";
				CODE_SIGN_IDENTITY = "-";
				CODE_SIGN_STYLE = Automatic;
				CURRENT_PROJECT_VERSION = 14;
				DEAD_CODE_STRIPPING = YES;
				DEVELOPMENT_TEAM = 5F2AW2L57Z;
				ENABLE_HARDENED_RUNTIME = YES;
				GENERATE_INFOPLIST_FILE = YES;
				INFOPLIST_FILE = "macOS (Extension)/Info.plist";
				INFOPLIST_KEY_CFBundleDisplayName = "Enhanced Tooltips for Showdown";
				INFOPLIST_KEY_NSHumanReadableCopyright = "";
				LD_RUNPATH_SEARCH_PATHS = (
					"$(inherited)",
					"@executable_path/../Frameworks",
					"@executable_path/../../../../Frameworks",
				);
				MACOSX_DEPLOYMENT_TARGET = "$(RECOMMENDED_MACOSX_DEPLOYMENT_TARGET)";
				MARKETING_VERSION = 2.8;
				OTHER_LDFLAGS = (
					"-framework",
					SafariServices,
				);
				PRODUCT_BUNDLE_IDENTIFIER = com.cbruegg.enhancedtooltipsforshowdown.ext;
				PRODUCT_NAME = "Enhanced Tooltips for Showdown Extension";
				SDKROOT = macosx;
				SKIP_INSTALL = YES;
				SWIFT_EMIT_LOC_STRINGS = YES;
				SWIFT_VERSION = 5.0;
			};
			name = Release;
		};
		A1AB7C6E2798AEFA00725B12 /* Debug */ = {
			isa = XCBuildConfiguration;
			buildSettings = {
				ALWAYS_EMBED_SWIFT_STANDARD_LIBRARIES = YES;
				ASSETCATALOG_COMPILER_APPICON_NAME = AppIcon;
				ASSETCATALOG_COMPILER_GLOBAL_ACCENT_COLOR_NAME = AccentColor;
				CODE_SIGN_ENTITLEMENTS = "macOS (App)/Pokemon Showdown Enhanced Tooltips.entitlements";
				CODE_SIGN_IDENTITY = "-";
				CODE_SIGN_STYLE = Automatic;
				CURRENT_PROJECT_VERSION = 14;
				DEAD_CODE_STRIPPING = YES;
				DEVELOPMENT_TEAM = 5F2AW2L57Z;
				ENABLE_HARDENED_RUNTIME = YES;
				GENERATE_INFOPLIST_FILE = YES;
				INFOPLIST_FILE = "macOS (App)/Info.plist";
				INFOPLIST_KEY_CFBundleDisplayName = "Pokemon Showdown Enhanced Tooltips";
				INFOPLIST_KEY_LSApplicationCategoryType = "public.app-category.games";
				INFOPLIST_KEY_NSMainStoryboardFile = Main;
				INFOPLIST_KEY_NSPrincipalClass = NSApplication;
				LD_RUNPATH_SEARCH_PATHS = (
					"$(inherited)",
					"@executable_path/../Frameworks",
				);
				MACOSX_DEPLOYMENT_TARGET = "$(RECOMMENDED_MACOSX_DEPLOYMENT_TARGET)";
				MARKETING_VERSION = 2.8;
				OTHER_LDFLAGS = (
					"-framework",
					SafariServices,
					"-framework",
					WebKit,
				);
				PRODUCT_BUNDLE_IDENTIFIER = com.cbruegg.enhancedtooltipsforshowdown;
				PRODUCT_NAME = "Enhanced Tooltips for Showdown";
				SDKROOT = macosx;
				SWIFT_EMIT_LOC_STRINGS = YES;
				SWIFT_VERSION = 5.0;
			};
			name = Debug;
		};
		A1AB7C6F2798AEFA00725B12 /* Release */ = {
			isa = XCBuildConfiguration;
			buildSettings = {
				ALWAYS_EMBED_SWIFT_STANDARD_LIBRARIES = YES;
				ASSETCATALOG_COMPILER_APPICON_NAME = AppIcon;
				ASSETCATALOG_COMPILER_GLOBAL_ACCENT_COLOR_NAME = AccentColor;
				CODE_SIGN_ENTITLEMENTS = "macOS (App)/Pokemon Showdown Enhanced Tooltips.entitlements";
				CODE_SIGN_IDENTITY = "-";
				CODE_SIGN_STYLE = Automatic;
				CURRENT_PROJECT_VERSION = 14;
				DEAD_CODE_STRIPPING = YES;
				DEVELOPMENT_TEAM = 5F2AW2L57Z;
				ENABLE_HARDENED_RUNTIME = YES;
				GENERATE_INFOPLIST_FILE = YES;
				INFOPLIST_FILE = "macOS (App)/Info.plist";
				INFOPLIST_KEY_CFBundleDisplayName = "Pokemon Showdown Enhanced Tooltips";
				INFOPLIST_KEY_LSApplicationCategoryType = "public.app-category.games";
				INFOPLIST_KEY_NSMainStoryboardFile = Main;
				INFOPLIST_KEY_NSPrincipalClass = NSApplication;
				LD_RUNPATH_SEARCH_PATHS = (
					"$(inherited)",
					"@executable_path/../Frameworks",
				);
				MACOSX_DEPLOYMENT_TARGET = "$(RECOMMENDED_MACOSX_DEPLOYMENT_TARGET)";
				MARKETING_VERSION = 2.8;
				OTHER_LDFLAGS = (
					"-framework",
					SafariServices,
					"-framework",
					WebKit,
				);
				PRODUCT_BUNDLE_IDENTIFIER = com.cbruegg.enhancedtooltipsforshowdown;
				PRODUCT_NAME = "Enhanced Tooltips for Showdown";
				SDKROOT = macosx;
				SWIFT_EMIT_LOC_STRINGS = YES;
				SWIFT_VERSION = 5.0;
			};
			name = Release;
		};
/* End XCBuildConfiguration section */

/* Begin XCConfigurationList section */
		A1AB7C122798AEFA00725B12 /* Build configuration list for PBXProject "Enhanced Tooltips for Showdown" */ = {
			isa = XCConfigurationList;
			buildConfigurations = (
				A1AB7C602798AEFA00725B12 /* Debug */,
				A1AB7C612798AEFA00725B12 /* Release */,
			);
			defaultConfigurationIsVisible = 0;
			defaultConfigurationName = Release;
		};
		A1AB7C622798AEFA00725B12 /* Build configuration list for PBXNativeTarget "Enhanced Tooltips for Showdown Extension (iOS)" */ = {
			isa = XCConfigurationList;
			buildConfigurations = (
				A1AB7C632798AEFA00725B12 /* Debug */,
				A1AB7C642798AEFA00725B12 /* Release */,
			);
			defaultConfigurationIsVisible = 0;
			defaultConfigurationName = Release;
		};
		A1AB7C662798AEFA00725B12 /* Build configuration list for PBXNativeTarget "Enhanced Tooltips for Showdown (iOS)" */ = {
			isa = XCConfigurationList;
			buildConfigurations = (
				A1AB7C672798AEFA00725B12 /* Debug */,
				A1AB7C682798AEFA00725B12 /* Release */,
			);
			defaultConfigurationIsVisible = 0;
			defaultConfigurationName = Release;
		};
		A1AB7C692798AEFA00725B12 /* Build configuration list for PBXNativeTarget "Enhanced Tooltips for Showdown Extension (macOS)" */ = {
			isa = XCConfigurationList;
			buildConfigurations = (
				A1AB7C6A2798AEFA00725B12 /* Debug */,
				A1AB7C6B2798AEFA00725B12 /* Release */,
			);
			defaultConfigurationIsVisible = 0;
			defaultConfigurationName = Release;
		};
		A1AB7C6D2798AEFA00725B12 /* Build configuration list for PBXNativeTarget "Enhanced Tooltips for Showdown (macOS)" */ = {
			isa = XCConfigurationList;
			buildConfigurations = (
				A1AB7C6E2798AEFA00725B12 /* Debug */,
				A1AB7C6F2798AEFA00725B12 /* Release */,
			);
			defaultConfigurationIsVisible = 0;
			defaultConfigurationName = Release;
		};
/* End XCConfigurationList section */
	};
	rootObject = A1AB7C0F2798AEFA00725B12 /* Project object */;
}
